// !$*UTF8*$!
{
	archiveVersion = 1;
	classes = {
	};
	objectVersion = 46;
	objects = {

/* Begin PBXBuildFile section */
		7F85B2561C11518700EE41ED /* AppDelegate.swift in Sources */ = {isa = PBXBuildFile; fileRef = 7F85B2551C11518700EE41ED /* AppDelegate.swift */; };
		7F85B2581C11518700EE41ED /* ViewController.swift in Sources */ = {isa = PBXBuildFile; fileRef = 7F85B2571C11518700EE41ED /* ViewController.swift */; };
		7F85B25B1C11518700EE41ED /* Main.storyboard in Resources */ = {isa = PBXBuildFile; fileRef = 7F85B2591C11518700EE41ED /* Main.storyboard */; };
		7F85B25D1C11518700EE41ED /* Images.xcassets in Resources */ = {isa = PBXBuildFile; fileRef = 7F85B25C1C11518700EE41ED /* Images.xcassets */; };
		7F85B2601C11518700EE41ED /* LaunchScreen.xib in Resources */ = {isa = PBXBuildFile; fileRef = 7F85B25E1C11518700EE41ED /* LaunchScreen.xib */; };
		7F85B26C1C11518700EE41ED /* MiniWeatherTests.swift in Sources */ = {isa = PBXBuildFile; fileRef = 7F85B26B1C11518700EE41ED /* MiniWeatherTests.swift */; };
		7F85B2761C1151A800EE41ED /* CurrentWeather.plist in Resources */ = {isa = PBXBuildFile; fileRef = 7F85B2751C1151A800EE41ED /* CurrentWeather.plist */; };
		7F85B2781C11529D00EE41ED /* SWRCurrentWeather.swift in Sources */ = {isa = PBXBuildFile; fileRef = 7F85B2771C11529D00EE41ED /* SWRCurrentWeather.swift */; };
		7FB124561C136FE000D22D6E /* SWRNetworkOperation.swift in Sources */ = {isa = PBXBuildFile; fileRef = 7FB124551C136FE000D22D6E /* SWRNetworkOperation.swift */; };
		7FB124581C13743A00D22D6E /* SWRForecastService.swift in Sources */ = {isa = PBXBuildFile; fileRef = 7FB124571C13743A00D22D6E /* SWRForecastService.swift */; };
/* End PBXBuildFile section */

/* Begin PBXContainerItemProxy section */
		7F85B2661C11518700EE41ED /* PBXContainerItemProxy */ = {
			isa = PBXContainerItemProxy;
			containerPortal = 7F85B2481C11518700EE41ED /* Project object */;
			proxyType = 1;
			remoteGlobalIDString = 7F85B24F1C11518700EE41ED;
			remoteInfo = MiniWeather;
		};
/* End PBXContainerItemProxy section */

/* Begin PBXFileReference section */
		7F85B2501C11518700EE41ED /* MiniWeather.app */ = {isa = PBXFileReference; explicitFileType = wrapper.application; includeInIndex = 0; path = MiniWeather.app; sourceTree = BUILT_PRODUCTS_DIR; };
		7F85B2541C11518700EE41ED /* Info.plist */ = {isa = PBXFileReference; lastKnownFileType = text.plist.xml; path = Info.plist; sourceTree = "<group>"; };
		7F85B2551C11518700EE41ED /* AppDelegate.swift */ = {isa = PBXFileReference; lastKnownFileType = sourcecode.swift; path = AppDelegate.swift; sourceTree = "<group>"; };
		7F85B2571C11518700EE41ED /* ViewController.swift */ = {isa = PBXFileReference; lastKnownFileType = sourcecode.swift; path = ViewController.swift; sourceTree = "<group>"; };
		7F85B25A1C11518700EE41ED /* Base */ = {isa = PBXFileReference; lastKnownFileType = file.storyboard; name = Base; path = Base.lproj/Main.storyboard; sourceTree = "<group>"; };
		7F85B25C1C11518700EE41ED /* Images.xcassets */ = {isa = PBXFileReference; lastKnownFileType = folder.assetcatalog; path = Images.xcassets; sourceTree = "<group>"; };
		7F85B25F1C11518700EE41ED /* Base */ = {isa = PBXFileReference; lastKnownFileType = file.xib; name = Base; path = Base.lproj/LaunchScreen.xib; sourceTree = "<group>"; };
		7F85B2651C11518700EE41ED /* MiniWeatherTests.xctest */ = {isa = PBXFileReference; explicitFileType = wrapper.cfbundle; includeInIndex = 0; path = MiniWeatherTests.xctest; sourceTree = BUILT_PRODUCTS_DIR; };
		7F85B26A1C11518700EE41ED /* Info.plist */ = {isa = PBXFileReference; lastKnownFileType = text.plist.xml; path = Info.plist; sourceTree = "<group>"; };
		7F85B26B1C11518700EE41ED /* MiniWeatherTests.swift */ = {isa = PBXFileReference; lastKnownFileType = sourcecode.swift; path = MiniWeatherTests.swift; sourceTree = "<group>"; };
		7F85B2751C1151A800EE41ED /* CurrentWeather.plist */ = {isa = PBXFileReference; fileEncoding = 4; lastKnownFileType = text.plist.xml; path = CurrentWeather.plist; sourceTree = "<group>"; };
		7F85B2771C11529D00EE41ED /* SWRCurrentWeather.swift */ = {isa = PBXFileReference; fileEncoding = 4; lastKnownFileType = sourcecode.swift; path = SWRCurrentWeather.swift; sourceTree = "<group>"; };
		7FB124551C136FE000D22D6E /* SWRNetworkOperation.swift */ = {isa = PBXFileReference; fileEncoding = 4; lastKnownFileType = sourcecode.swift; path = SWRNetworkOperation.swift; sourceTree = "<group>"; };
		7FB124571C13743A00D22D6E /* SWRForecastService.swift */ = {isa = PBXFileReference; fileEncoding = 4; lastKnownFileType = sourcecode.swift; path = SWRForecastService.swift; sourceTree = "<group>"; };
/* End PBXFileReference section */

/* Begin PBXFrameworksBuildPhase section */
		7F85B24D1C11518700EE41ED /* Frameworks */ = {
			isa = PBXFrameworksBuildPhase;
			buildActionMask = 2147483647;
			files = (
			);
			runOnlyForDeploymentPostprocessing = 0;
		};
		7F85B2621C11518700EE41ED /* Frameworks */ = {
			isa = PBXFrameworksBuildPhase;
			buildActionMask = 2147483647;
			files = (
			);
			runOnlyForDeploymentPostprocessing = 0;
		};
/* End PBXFrameworksBuildPhase section */

/* Begin PBXGroup section */
		7F85B2471C11518700EE41ED = {
			isa = PBXGroup;
			children = (
				7F85B2521C11518700EE41ED /* MiniWeather */,
				7F85B2681C11518700EE41ED /* MiniWeatherTests */,
				7F85B2511C11518700EE41ED /* Products */,
			);
			sourceTree = "<group>";
		};
		7F85B2511C11518700EE41ED /* Products */ = {
			isa = PBXGroup;
			children = (
				7F85B2501C11518700EE41ED /* MiniWeather.app */,
				7F85B2651C11518700EE41ED /* MiniWeatherTests.xctest */,
			);
			name = Products;
			sourceTree = "<group>";
		};
		7F85B2521C11518700EE41ED /* MiniWeather */ = {
			isa = PBXGroup;
			children = (
				7F85B2551C11518700EE41ED /* AppDelegate.swift */,
				7F85B2571C11518700EE41ED /* ViewController.swift */,
				7F85B2771C11529D00EE41ED /* SWRCurrentWeather.swift */,
				7F85B2591C11518700EE41ED /* Main.storyboard */,
				7F85B25C1C11518700EE41ED /* Images.xcassets */,
				7F85B25E1C11518700EE41ED /* LaunchScreen.xib */,
				7F85B2531C11518700EE41ED /* Supporting Files */,
				7FB124551C136FE000D22D6E /* SWRNetworkOperation.swift */,
				7FB124571C13743A00D22D6E /* SWRForecastService.swift */,
			);
			path = MiniWeather;
			sourceTree = "<group>";
		};
		7F85B2531C11518700EE41ED /* Supporting Files */ = {
			isa = PBXGroup;
			children = (
				7F85B2751C1151A800EE41ED /* CurrentWeather.plist */,
				7F85B2541C11518700EE41ED /* Info.plist */,
			);
			name = "Supporting Files";
			sourceTree = "<group>";
		};
		7F85B2681C11518700EE41ED /* MiniWeatherTests */ = {
			isa = PBXGroup;
			children = (
				7F85B26B1C11518700EE41ED /* MiniWeatherTests.swift */,
				7F85B2691C11518700EE41ED /* Supporting Files */,
			);
			path = MiniWeatherTests;
			sourceTree = "<group>";
		};
		7F85B2691C11518700EE41ED /* Supporting Files */ = {
			isa = PBXGroup;
			children = (
				7F85B26A1C11518700EE41ED /* Info.plist */,
			);
			name = "Supporting Files";
			sourceTree = "<group>";
		};
/* End PBXGroup section */

/* Begin PBXNativeTarget section */
		7F85B24F1C11518700EE41ED /* MiniWeather */ = {
			isa = PBXNativeTarget;
			buildConfigurationList = 7F85B26F1C11518700EE41ED /* Build configuration list for PBXNativeTarget "MiniWeather" */;
			buildPhases = (
				7F85B24C1C11518700EE41ED /* Sources */,
				7F85B24D1C11518700EE41ED /* Frameworks */,
				7F85B24E1C11518700EE41ED /* Resources */,
			);
			buildRules = (
			);
			dependencies = (
			);
			name = MiniWeather;
			productName = MiniWeather;
			productReference = 7F85B2501C11518700EE41ED /* MiniWeather.app */;
			productType = "com.apple.product-type.application";
		};
		7F85B2641C11518700EE41ED /* MiniWeatherTests */ = {
			isa = PBXNativeTarget;
			buildConfigurationList = 7F85B2721C11518700EE41ED /* Build configuration list for PBXNativeTarget "MiniWeatherTests" */;
			buildPhases = (
				7F85B2611C11518700EE41ED /* Sources */,
				7F85B2621C11518700EE41ED /* Frameworks */,
				7F85B2631C11518700EE41ED /* Resources */,
			);
			buildRules = (
			);
			dependencies = (
				7F85B2671C11518700EE41ED /* PBXTargetDependency */,
			);
			name = MiniWeatherTests;
			productName = MiniWeatherTests;
			productReference = 7F85B2651C11518700EE41ED /* MiniWeatherTests.xctest */;
			productType = "com.apple.product-type.bundle.unit-test";
		};
/* End PBXNativeTarget section */

/* Begin PBXProject section */
		7F85B2481C11518700EE41ED /* Project object */ = {
			isa = PBXProject;
			attributes = {
				LastUpgradeCheck = 0640;
				ORGANIZATIONNAME = "Vera Shi";
				TargetAttributes = {
					7F85B24F1C11518700EE41ED = {
						CreatedOnToolsVersion = 6.4;
					};
					7F85B2641C11518700EE41ED = {
						CreatedOnToolsVersion = 6.4;
						TestTargetID = 7F85B24F1C11518700EE41ED;
					};
				};
			};
			buildConfigurationList = 7F85B24B1C11518700EE41ED /* Build configuration list for PBXProject "MiniWeather" */;
			compatibilityVersion = "Xcode 3.2";
			developmentRegion = English;
			hasScannedForEncodings = 0;
			knownRegions = (
				en,
				Base,
			);
			mainGroup = 7F85B2471C11518700EE41ED;
			productRefGroup = 7F85B2511C11518700EE41ED /* Products */;
			projectDirPath = "";
			projectRoot = "";
			targets = (
				7F85B24F1C11518700EE41ED /* MiniWeather */,
				7F85B2641C11518700EE41ED /* MiniWeatherTests */,
			);
		};
/* End PBXProject section */

/* Begin PBXResourcesBuildPhase section */
		7F85B24E1C11518700EE41ED /* Resources */ = {
			isa = PBXResourcesBuildPhase;
			buildActionMask = 2147483647;
			files = (
				7F85B25B1C11518700EE41ED /* Main.storyboard in Resources */,
				7F85B2761C1151A800EE41ED /* CurrentWeather.plist in Resources */,
				7F85B2601C11518700EE41ED /* LaunchScreen.xib in Resources */,
				7F85B25D1C11518700EE41ED /* Images.xcassets in Resources */,
			);
			runOnlyForDeploymentPostprocessing = 0;
		};
		7F85B2631C11518700EE41ED /* Resources */ = {
			isa = PBXResourcesBuildPhase;
			buildActionMask = 2147483647;
			files = (
			);
			runOnlyForDeploymentPostprocessing = 0;
		};
/* End PBXResourcesBuildPhase section */

/* Begin PBXSourcesBuildPhase section */
		7F85B24C1C11518700EE41ED /* Sources */ = {
			isa = PBXSourcesBuildPhase;
			buildActionMask = 2147483647;
			files = (
				7F85B2581C11518700EE41ED /* ViewController.swift in Sources */,
				7F85B2781C11529D00EE41ED /* SWRCurrentWeather.swift in Sources */,
				7FB124581C13743A00D22D6E /* SWRForecastService.swift in Sources */,
				7F85B2561C11518700EE41ED /* AppDelegate.swift in Sources */,
				7FB124561C136FE000D22D6E /* SWRNetworkOperation.swift in Sources */,
			);
			runOnlyForDeploymentPostprocessing = 0;
		};
		7F85B2611C11518700EE41ED /* Sources */ = {
			isa = PBXSourcesBuildPhase;
			buildActionMask = 2147483647;
			files = (
				7F85B26C1C11518700EE41ED /* MiniWeatherTests.swift in Sources */,
			);
			runOnlyForDeploymentPostprocessing = 0;
		};
/* End PBXSourcesBuildPhase section */

/* Begin PBXTargetDependency section */
		7F85B2671C11518700EE41ED /* PBXTargetDependency */ = {
			isa = PBXTargetDependency;
			target = 7F85B24F1C11518700EE41ED /* MiniWeather */;
			targetProxy = 7F85B2661C11518700EE41ED /* PBXContainerItemProxy */;
		};
/* End PBXTargetDependency section */

/* Begin PBXVariantGroup section */
		7F85B2591C11518700EE41ED /* Main.storyboard */ = {
			isa = PBXVariantGroup;
			children = (
				7F85B25A1C11518700EE41ED /* Base */,
			);
			name = Main.storyboard;
			sourceTree = "<group>";
		};
		7F85B25E1C11518700EE41ED /* LaunchScreen.xib */ = {
			isa = PBXVariantGroup;
			children = (
				7F85B25F1C11518700EE41ED /* Base */,
			);
			name = LaunchScreen.xib;
			sourceTree = "<group>";
		};
/* End PBXVariantGroup section */

/* Begin XCBuildConfiguration section */
		7F85B26D1C11518700EE41ED /* Debug */ = {
			isa = XCBuildConfiguration;
			buildSettings = {
				ALWAYS_SEARCH_USER_PATHS = NO;
				CLANG_CXX_LANGUAGE_STANDARD = "gnu++0x";
				CLANG_CXX_LIBRARY = "libc++";
				CLANG_ENABLE_MODULES = YES;
				CLANG_ENABLE_OBJC_ARC = YES;
				CLANG_WARN_BOOL_CONVERSION = YES;
				CLANG_WARN_CONSTANT_CONVERSION = YES;
				CLANG_WARN_DIRECT_OBJC_ISA_USAGE = YES_ERROR;
				CLANG_WARN_EMPTY_BODY = YES;
				CLANG_WARN_ENUM_CONVERSION = YES;
				CLANG_WARN_INT_CONVERSION = YES;
				CLANG_WARN_OBJC_ROOT_CLASS = YES_ERROR;
				CLANG_WARN_UNREACHABLE_CODE = YES;
				CLANG_WARN__DUPLICATE_METHOD_MATCH = YES;
				"CODE_SIGN_IDENTITY[sdk=iphoneos*]" = "iPhone Developer";
				COPY_PHASE_STRIP = NO;
				DEBUG_INFORMATION_FORMAT = "dwarf-with-dsym";
				ENABLE_STRICT_OBJC_MSGSEND = YES;
				GCC_C_LANGUAGE_STANDARD = gnu99;
				GCC_DYNAMIC_NO_PIC = NO;
				GCC_NO_COMMON_BLOCKS = YES;
				GCC_OPTIMIZATION_LEVEL = 0;
				GCC_PREPROCESSOR_DEFINITIONS = (
					"DEBUG=1",
					"$(inherited)",
				);
				GCC_SYMBOLS_PRIVATE_EXTERN = NO;
				GCC_WARN_64_TO_32_BIT_CONVERSION = YES;
				GCC_WARN_ABOUT_RETURN_TYPE = YES_ERROR;
				GCC_WARN_UNDECLARED_SELECTOR = YES;
				GCC_WARN_UNINITIALIZED_AUTOS = YES_AGGRESSIVE;
				GCC_WARN_UNUSED_FUNCTION = YES;
				GCC_WARN_UNUSED_VARIABLE = YES;
				IPHONEOS_DEPLOYMENT_TARGET = 8.4;
				MTL_ENABLE_DEBUG_INFO = YES;
				ONLY_ACTIVE_ARCH = YES;
				SDKROOT = iphoneos;
				SWIFT_OPTIMIZATION_LEVEL = "-Onone";
			};
			name = Debug;
		};
		7F85B26E1C11518700EE41ED /* Release */ = {
			isa = XCBuildConfiguration;
			buildSettings = {
				ALWAYS_SEARCH_USER_PATHS = NO;
				CLANG_CXX_LANGUAGE_STANDARD = "gnu++0x";
				CLANG_CXX_LIBRARY = "libc++";
				CLANG_ENABLE_MODULES = YES;
				CLANG_ENABLE_OBJC_ARC = YES;
				CLANG_WARN_BOOL_CONVERSION = YES;
				CLANG_WARN_CONSTANT_CONVERSION = YES;
				CLANG_WARN_DIRECT_OBJC_ISA_USAGE = YES_ERROR;
				CLANG_WARN_EMPTY_BODY = YES;
				CLANG_WARN_ENUM_CONVERSION = YES;
				CLANG_WARN_INT_CONVERSION = YES;
				CLANG_WARN_OBJC_ROOT_CLASS = YES_ERROR;
				CLANG_WARN_UNREACHABLE_CODE = YES;
				CLANG_WARN__DUPLICATE_METHOD_MATCH = YES;
				"CODE_SIGN_IDENTITY[sdk=iphoneos*]" = "iPhone Developer";
				COPY_PHASE_STRIP = NO;
				DEBUG_INFORMATION_FORMAT = "dwarf-with-dsym";
				ENABLE_NS_ASSERTIONS = NO;
				ENABLE_STRICT_OBJC_MSGSEND = YES;
				GCC_C_LANGUAGE_STANDARD = gnu99;
				GCC_NO_COMMON_BLOCKS = YES;
				GCC_WARN_64_TO_32_BIT_CONVERSION = YES;
				GCC_WARN_ABOUT_RETURN_TYPE = YES_ERROR;
				GCC_WARN_UNDECLARED_SELECTOR = YES;
				GCC_WARN_UNINITIALIZED_AUTOS = YES_AGGRESSIVE;
				GCC_WARN_UNUSED_FUNCTION = YES;
				GCC_WARN_UNUSED_VARIABLE = YES;
				IPHONEOS_DEPLOYMENT_TARGET = 8.4;
				MTL_ENABLE_DEBUG_INFO = NO;
				SDKROOT = iphoneos;
				VALIDATE_PRODUCT = YES;
			};
			name = Release;
		};
		7F85B2701C11518700EE41ED /* Debug */ = {
			isa = XCBuildConfiguration;
			buildSettings = {
				ASSETCATALOG_COMPILER_APPICON_NAME = AppIcon;
				INFOPLIST_FILE = MiniWeather/Info.plist;
				IPHONEOS_DEPLOYMENT_TARGET = 7.0;
				LD_RUNPATH_SEARCH_PATHS = "$(inherited) @executable_path/Frameworks";
				PRODUCT_NAME = "$(TARGET_NAME)";
				TARGETED_DEVICE_FAMILY = 1;
			};
			name = Debug;
		};
		7F85B2711C11518700EE41ED /* Release */ = {
			isa = XCBuildConfiguration;
			buildSettings = {
				ASSETCATALOG_COMPILER_APPICON_NAME = AppIcon;
				INFOPLIST_FILE = MiniWeather/Info.plist;
				IPHONEOS_DEPLOYMENT_TARGET = 7.0;
				LD_RUNPATH_SEARCH_PATHS = "$(inherited) @executable_path/Frameworks";
				PRODUCT_NAME = "$(TARGET_NAME)";
				TARGETED_DEVICE_FAMILY = 1;
			};
			name = Release;
		};
		7F85B2731C11518700EE41ED /* Debug */ = {
			isa = XCBuildConfiguration;
			buildSettings = {
				BUNDLE_LOADER = "$(TEST_HOST)";
				FRAMEWORK_SEARCH_PATHS = (
					"$(SDKROOT)/Developer/Library/Frameworks",
					"$(inherited)",
				);
				GCC_PREPROCESSOR_DEFINITIONS = (
					"DEBUG=1",
					"$(inherited)",
				);
				INFOPLIST_FILE = MiniWeatherTests/Info.plist;
				LD_RUNPATH_SEARCH_PATHS = "$(inherited) @executable_path/Frameworks @loader_path/Frameworks";
				PRODUCT_NAME = "$(TARGET_NAME)";
				TEST_HOST = "$(BUILT_PRODUCTS_DIR)/MiniWeather.app/MiniWeather";
			};
			name = Debug;
		};
		7F85B2741C11518700EE41ED /* Release */ = {
			isa = XCBuildConfiguration;
			buildSettings = {
				BUNDLE_LOADER = "$(TEST_HOST)";
				FRAMEWORK_SEARCH_PATHS = (
					"$(SDKROOT)/Developer/Library/Frameworks",
					"$(inherited)",
				);
				INFOPLIST_FILE = MiniWeatherTests/Info.plist;
				LD_RUNPATH_SEARCH_PATHS = "$(inherited) @executable_path/Frameworks @loader_path/Frameworks";
				PRODUCT_NAME = "$(TARGET_NAME)";
				TEST_HOST = "$(BUILT_PRODUCTS_DIR)/MiniWeather.app/MiniWeather";
			};
			name = Release;
		};
/* End XCBuildConfiguration section */

/* Begin XCConfigurationList section */
		7F85B24B1C11518700EE41ED /* Build configuration list for PBXProject "MiniWeather" */ = {
			isa = XCConfigurationList;
			buildConfigurations = (
				7F85B26D1C11518700EE41ED /* Debug */,
				7F85B26E1C11518700EE41ED /* Release */,
			);
			defaultConfigurationIsVisible = 0;
			defaultConfigurationName = Release;
		};
		7F85B26F1C11518700EE41ED /* Build configuration list for PBXNativeTarget "MiniWeather" */ = {
			isa = XCConfigurationList;
			buildConfigurations = (
				7F85B2701C11518700EE41ED /* Debug */,
				7F85B2711C11518700EE41ED /* Release */,
			);
			defaultConfigurationIsVisible = 0;
			defaultConfigurationName = Release;
		};
		7F85B2721C11518700EE41ED /* Build configuration list for PBXNativeTarget "MiniWeatherTests" */ = {
			isa = XCConfigurationList;
			buildConfigurations = (
				7F85B2731C11518700EE41ED /* Debug */,
				7F85B2741C11518700EE41ED /* Release */,
			);
			defaultConfigurationIsVisible = 0;
			defaultConfigurationName = Release;
		};
/* End XCConfigurationList section */
	};
	rootObject = 7F85B2481C11518700EE41ED /* Project object */;
}
